github.com/ajankovic/xdiff v0.0.1 h1:V1cj8t5xwYzm6ZGPqPOlAc9AIajXuTEn41D/1MJBWMM=
github.com/ajankovic/xdiff v0.0.1/go.mod h1:SUmEZ67uB97I0zkiuQ+lb+LOms9ipn8X+p+2RdJV710=
github.com/clbanning/mxj v1.8.4 h1:HuhwZtbyvyOw+3Z1AowPkU87JkJUSv751ELWaiTpj8I=
github.com/clbanning/mxj v1.8.4/go.mod h1:BVjHeAH+rl9rs6f+QIpeRl0tfu10SXn1pUSa5PVGJng=
github.com/clbanning/mxj/v2 v2.5.5 h1:oT81vUeEiQQ/DcHbzSytRngP6Ky9O+L+0Bw0zSJag9E=
github.com/clbanning/mxj/v2 v2.5.5/go.mod h1:hNiWqW14h+kc+MdF9C6/YoRfjEJoR3ou6tn/Qo+ve2s=
